// !$*UTF8*$!
{
	archiveVersion = 1;
	classes = {
	};
	objectVersion = 50;
	objects = {

/* Begin PBXBuildFile section */
		84872C4F25CD8F5000B1CDED /* AppDelegate.swift in Sources */ = {isa = PBXBuildFile; fileRef = 84872C4E25CD8F5000B1CDED /* AppDelegate.swift */; };
		84872C5125CD8F5000B1CDED /* SceneDelegate.swift in Sources */ = {isa = PBXBuildFile; fileRef = 84872C5025CD8F5000B1CDED /* SceneDelegate.swift */; };
		84872C5325CD8F5000B1CDED /* PrimeNumbersViewController.swift in Sources */ = {isa = PBXBuildFile; fileRef = 84872C5225CD8F5000B1CDED /* PrimeNumbersViewController.swift */; };
		84872C5625CD8F5000B1CDED /* Main.storyboard in Resources */ = {isa = PBXBuildFile; fileRef = 84872C5425CD8F5000B1CDED /* Main.storyboard */; };
		84872C5825CD8F5700B1CDED /* Assets.xcassets in Resources */ = {isa = PBXBuildFile; fileRef = 84872C5725CD8F5700B1CDED /* Assets.xcassets */; };
		84872C5B25CD8F5700B1CDED /* LaunchScreen.storyboard in Resources */ = {isa = PBXBuildFile; fileRef = 84872C5925CD8F5700B1CDED /* LaunchScreen.storyboard */; };
		84872C6925CDABB900B1CDED /* Cell.swift in Sources */ = {isa = PBXBuildFile; fileRef = 84872C6725CDABB900B1CDED /* Cell.swift */; };
		84872C6A25CDABB900B1CDED /* Cell.xib in Resources */ = {isa = PBXBuildFile; fileRef = 84872C6825CDABB900B1CDED /* Cell.xib */; };
		84872C6C25CDBCBC00B1CDED /* Numbers.swift in Sources */ = {isa = PBXBuildFile; fileRef = 84872C6B25CDBCBC00B1CDED /* Numbers.swift */; };
		84872C6E25CDC55800B1CDED /* PrimeNumbers.swift in Sources */ = {isa = PBXBuildFile; fileRef = 84872C6D25CDC55800B1CDED /* PrimeNumbers.swift */; };
		84872C7025CE7A4100B1CDED /* Extensions.swift in Sources */ = {isa = PBXBuildFile; fileRef = 84872C6F25CE7A4100B1CDED /* Extensions.swift */; };
		84872C7B25D0177800B1CDED /* Fibonacci.swift in Sources */ = {isa = PBXBuildFile; fileRef = 84872C7125CFF8A400B1CDED /* Fibonacci.swift */; };
		84872C7C25D017EE00B1CDED /* FibonacciNumbersViewController.swift in Sources */ = {isa = PBXBuildFile; fileRef = 84872C7425D013C400B1CDED /* FibonacciNumbersViewController.swift */; };
		849E7C8E25D06E5B003AE93C /* README.rtf in Resources */ = {isa = PBXBuildFile; fileRef = 849E7C8D25D06E5B003AE93C /* README.rtf */; };
/* End PBXBuildFile section */

/* Begin PBXFileReference section */
		84872C4B25CD8F5000B1CDED /* simpleNumberGenerator.app */ = {isa = PBXFileReference; explicitFileType = wrapper.application; includeInIndex = 0; path = simpleNumberGenerator.app; sourceTree = BUILT_PRODUCTS_DIR; };
		84872C4E25CD8F5000B1CDED /* AppDelegate.swift */ = {isa = PBXFileReference; lastKnownFileType = sourcecode.swift; path = AppDelegate.swift; sourceTree = "<group>"; };
		84872C5025CD8F5000B1CDED /* SceneDelegate.swift */ = {isa = PBXFileReference; lastKnownFileType = sourcecode.swift; path = SceneDelegate.swift; sourceTree = "<group>"; };
		84872C5225CD8F5000B1CDED /* PrimeNumbersViewController.swift */ = {isa = PBXFileReference; lastKnownFileType = sourcecode.swift; path = PrimeNumbersViewController.swift; sourceTree = "<group>"; };
		84872C5525CD8F5000B1CDED /* Base */ = {isa = PBXFileReference; lastKnownFileType = file.storyboard; name = Base; path = Base.lproj/Main.storyboard; sourceTree = "<group>"; };
		84872C5725CD8F5700B1CDED /* Assets.xcassets */ = {isa = PBXFileReference; lastKnownFileType = folder.assetcatalog; path = Assets.xcassets; sourceTree = "<group>"; };
		84872C5A25CD8F5700B1CDED /* Base */ = {isa = PBXFileReference; lastKnownFileType = file.storyboard; name = Base; path = Base.lproj/LaunchScreen.storyboard; sourceTree = "<group>"; };
		84872C5C25CD8F5700B1CDED /* Info.plist */ = {isa = PBXFileReference; lastKnownFileType = text.plist.xml; path = Info.plist; sourceTree = "<group>"; };
		84872C6725CDABB900B1CDED /* Cell.swift */ = {isa = PBXFileReference; lastKnownFileType = sourcecode.swift; path = Cell.swift; sourceTree = "<group>"; };
		84872C6825CDABB900B1CDED /* Cell.xib */ = {isa = PBXFileReference; lastKnownFileType = file.xib; path = Cell.xib; sourceTree = "<group>"; };
		84872C6B25CDBCBC00B1CDED /* Numbers.swift */ = {isa = PBXFileReference; lastKnownFileType = sourcecode.swift; path = Numbers.swift; sourceTree = "<group>"; };
		84872C6D25CDC55800B1CDED /* PrimeNumbers.swift */ = {isa = PBXFileReference; lastKnownFileType = sourcecode.swift; path = PrimeNumbers.swift; sourceTree = "<group>"; };
		84872C6F25CE7A4100B1CDED /* Extensions.swift */ = {isa = PBXFileReference; lastKnownFileType = sourcecode.swift; path = Extensions.swift; sourceTree = "<group>"; };
		84872C7125CFF8A400B1CDED /* Fibonacci.swift */ = {isa = PBXFileReference; lastKnownFileType = sourcecode.swift; path = Fibonacci.swift; sourceTree = "<group>"; };
		84872C7425D013C400B1CDED /* FibonacciNumbersViewController.swift */ = {isa = PBXFileReference; lastKnownFileType = sourcecode.swift; path = FibonacciNumbersViewController.swift; sourceTree = "<group>"; };
		849E7C8D25D06E5B003AE93C /* README.rtf */ = {isa = PBXFileReference; lastKnownFileType = text.rtf; path = README.rtf; sourceTree = "<group>"; };
/* End PBXFileReference section */

/* Begin PBXFrameworksBuildPhase section */
		84872C4825CD8F5000B1CDED /* Frameworks */ = {
			isa = PBXFrameworksBuildPhase;
			buildActionMask = 2147483647;
			files = (
			);
			runOnlyForDeploymentPostprocessing = 0;
		};
/* End PBXFrameworksBuildPhase section */

/* Begin PBXGroup section */
		84872C4225CD8F5000B1CDED = {
			isa = PBXGroup;
			children = (
				849E7C8D25D06E5B003AE93C /* README.rtf */,
				84872C4D25CD8F5000B1CDED /* simpleNumberGenerator */,
				84872C4C25CD8F5000B1CDED /* Products */,
			);
			sourceTree = "<group>";
		};
		84872C4C25CD8F5000B1CDED /* Products */ = {
			isa = PBXGroup;
			children = (
				84872C4B25CD8F5000B1CDED /* simpleNumberGenerator.app */,
			);
			name = Products;
			sourceTree = "<group>";
		};
		84872C4D25CD8F5000B1CDED /* simpleNumberGenerator */ = {
			isa = PBXGroup;
			children = (
				84872C7825D013E300B1CDED /* Model */,
				84872C6225CDAB4400B1CDED /* View */,
				84872C7625D013D200B1CDED /* Controllers */,
				84872C7A25D0144200B1CDED /* SupportingFiles */,
				84872C7925D0143100B1CDED /* Extensions */,
				84872C4E25CD8F5000B1CDED /* AppDelegate.swift */,
				84872C5025CD8F5000B1CDED /* SceneDelegate.swift */,
				84872C5C25CD8F5700B1CDED /* Info.plist */,
			);
			path = simpleNumberGenerator;
			sourceTree = "<group>";
		};
		84872C6225CDAB4400B1CDED /* View */ = {
			isa = PBXGroup;
			children = (
				84872C5425CD8F5000B1CDED /* Main.storyboard */,
				84872C6725CDABB900B1CDED /* Cell.swift */,
				84872C6825CDABB900B1CDED /* Cell.xib */,
			);
			path = View;
			sourceTree = "<group>";
		};
		84872C7625D013D200B1CDED /* Controllers */ = {
			isa = PBXGroup;
			children = (
				84872C7425D013C400B1CDED /* FibonacciNumbersViewController.swift */,
				84872C5225CD8F5000B1CDED /* PrimeNumbersViewController.swift */,
			);
			path = Controllers;
			sourceTree = "<group>";
		};
		84872C7825D013E300B1CDED /* Model */ = {
			isa = PBXGroup;
			children = (
				84872C6B25CDBCBC00B1CDED /* Numbers.swift */,
				84872C6D25CDC55800B1CDED /* PrimeNumbers.swift */,
				84872C7125CFF8A400B1CDED /* Fibonacci.swift */,
			);
			path = Model;
			sourceTree = "<group>";
		};
		84872C7925D0143100B1CDED /* Extensions */ = {
			isa = PBXGroup;
			children = (
				84872C6F25CE7A4100B1CDED /* Extensions.swift */,
			);
			path = Extensions;
			sourceTree = "<group>";
		};
		84872C7A25D0144200B1CDED /* SupportingFiles */ = {
			isa = PBXGroup;
			children = (
				84872C5925CD8F5700B1CDED /* LaunchScreen.storyboard */,
				84872C5725CD8F5700B1CDED /* Assets.xcassets */,
			);
			path = SupportingFiles;
			sourceTree = "<group>";
		};
/* End PBXGroup section */

/* Begin PBXNativeTarget section */
		84872C4A25CD8F5000B1CDED /* simpleNumberGenerator */ = {
			isa = PBXNativeTarget;
			buildConfigurationList = 84872C5F25CD8F5700B1CDED /* Build configuration list for PBXNativeTarget "simpleNumberGenerator" */;
			buildPhases = (
				84872C4725CD8F5000B1CDED /* Sources */,
				84872C4825CD8F5000B1CDED /* Frameworks */,
				84872C4925CD8F5000B1CDED /* Resources */,
			);
			buildRules = (
			);
			dependencies = (
			);
			name = simpleNumberGenerator;
			productName = simpleNumberGenerator;
			productReference = 84872C4B25CD8F5000B1CDED /* simpleNumberGenerator.app */;
			productType = "com.apple.product-type.application";
		};
/* End PBXNativeTarget section */

/* Begin PBXProject section */
		84872C4325CD8F5000B1CDED /* Project object */ = {
			isa = PBXProject;
			attributes = {
				LastSwiftUpdateCheck = 1150;
				LastUpgradeCheck = 1150;
				ORGANIZATIONNAME = DmitryChaschin;
				TargetAttributes = {
					84872C4A25CD8F5000B1CDED = {
						CreatedOnToolsVersion = 11.5;
					};
				};
			};
			buildConfigurationList = 84872C4625CD8F5000B1CDED /* Build configuration list for PBXProject "simpleNumberGenerator" */;
			compatibilityVersion = "Xcode 9.3";
			developmentRegion = en;
			hasScannedForEncodings = 0;
			knownRegions = (
				en,
				Base,
			);
			mainGroup = 84872C4225CD8F5000B1CDED;
			productRefGroup = 84872C4C25CD8F5000B1CDED /* Products */;
			projectDirPath = "";
			projectRoot = "";
			targets = (
				84872C4A25CD8F5000B1CDED /* simpleNumberGenerator */,
			);
		};
/* End PBXProject section */

/* Begin PBXResourcesBuildPhase section */
		84872C4925CD8F5000B1CDED /* Resources */ = {
			isa = PBXResourcesBuildPhase;
			buildActionMask = 2147483647;
			files = (
				84872C5B25CD8F5700B1CDED /* LaunchScreen.storyboard in Resources */,
				84872C6A25CDABB900B1CDED /* Cell.xib in Resources */,
				84872C5825CD8F5700B1CDED /* Assets.xcassets in Resources */,
				84872C5625CD8F5000B1CDED /* Main.storyboard in Resources */,
				849E7C8E25D06E5B003AE93C /* README.rtf in Resources */,
			);
			runOnlyForDeploymentPostprocessing = 0;
		};
/* End PBXResourcesBuildPhase section */

/* Begin PBXSourcesBuildPhase section */
		84872C4725CD8F5000B1CDED /* Sources */ = {
			isa = PBXSourcesBuildPhase;
			buildActionMask = 2147483647;
			files = (
				84872C7C25D017EE00B1CDED /* FibonacciNumbersViewController.swift in Sources */,
				84872C7B25D0177800B1CDED /* Fibonacci.swift in Sources */,
				84872C5325CD8F5000B1CDED /* PrimeNumbersViewController.swift in Sources */,
				84872C6E25CDC55800B1CDED /* PrimeNumbers.swift in Sources */,
				84872C6925CDABB900B1CDED /* Cell.swift in Sources */,
				84872C6C25CDBCBC00B1CDED /* Numbers.swift in Sources */,
				84872C4F25CD8F5000B1CDED /* AppDelegate.swift in Sources */,
				84872C5125CD8F5000B1CDED /* SceneDelegate.swift in Sources */,
				84872C7025CE7A4100B1CDED /* Extensions.swift in Sources */,
			);
			runOnlyForDeploymentPostprocessing = 0;
		};
/* End PBXSourcesBuildPhase section */

/* Begin PBXVariantGroup section */
		84872C5425CD8F5000B1CDED /* Main.storyboard */ = {
			isa = PBXVariantGroup;
			children = (
				84872C5525CD8F5000B1CDED /* Base */,
			);
			name = Main.storyboard;
			sourceTree = "<group>";
		};
		84872C5925CD8F5700B1CDED /* LaunchScreen.storyboard */ = {
			isa = PBXVariantGroup;
			children = (
				84872C5A25CD8F5700B1CDED /* Base */,
			);
			name = LaunchScreen.storyboard;
			sourceTree = "<group>";
		};
/* End PBXVariantGroup section */

/* Begin XCBuildConfiguration section */
		84872C5D25CD8F5700B1CDED /* Debug */ = {
			isa = XCBuildConfiguration;
			buildSettings = {
				ALWAYS_SEARCH_USER_PATHS = NO;
				CLANG_ANALYZER_NONNULL = YES;
				CLANG_ANALYZER_NUMBER_OBJECT_CONVERSION = YES_AGGRESSIVE;
				CLANG_CXX_LANGUAGE_STANDARD = "gnu++14";
				CLANG_CXX_LIBRARY = "libc++";
				CLANG_ENABLE_MODULES = YES;
				CLANG_ENABLE_OBJC_ARC = YES;
				CLANG_ENABLE_OBJC_WEAK = YES;
				CLANG_WARN_BLOCK_CAPTURE_AUTORELEASING = YES;
				CLANG_WARN_BOOL_CONVERSION = YES;
				CLANG_WARN_COMMA = YES;
				CLANG_WARN_CONSTANT_CONVERSION = YES;
				CLANG_WARN_DEPRECATED_OBJC_IMPLEMENTATIONS = YES;
				CLANG_WARN_DIRECT_OBJC_ISA_USAGE = YES_ERROR;
				CLANG_WARN_DOCUMENTATION_COMMENTS = YES;
				CLANG_WARN_EMPTY_BODY = YES;
				CLANG_WARN_ENUM_CONVERSION = YES;
				CLANG_WARN_INFINITE_RECURSION = YES;
				CLANG_WARN_INT_CONVERSION = YES;
				CLANG_WARN_NON_LITERAL_NULL_CONVERSION = YES;
				CLANG_WARN_OBJC_IMPLICIT_RETAIN_SELF = YES;
				CLANG_WARN_OBJC_LITERAL_CONVERSION = YES;
				CLANG_WARN_OBJC_ROOT_CLASS = YES_ERROR;
				CLANG_WARN_RANGE_LOOP_ANALYSIS = YES;
				CLANG_WARN_STRICT_PROTOTYPES = YES;
				CLANG_WARN_SUSPICIOUS_MOVE = YES;
				CLANG_WARN_UNGUARDED_AVAILABILITY = YES_AGGRESSIVE;
				CLANG_WARN_UNREACHABLE_CODE = YES;
				CLANG_WARN__DUPLICATE_METHOD_MATCH = YES;
				COPY_PHASE_STRIP = NO;
				DEBUG_INFORMATION_FORMAT = dwarf;
				ENABLE_STRICT_OBJC_MSGSEND = YES;
				ENABLE_TESTABILITY = YES;
				GCC_C_LANGUAGE_STANDARD = gnu11;
				GCC_DYNAMIC_NO_PIC = NO;
				GCC_NO_COMMON_BLOCKS = YES;
				GCC_OPTIMIZATION_LEVEL = 0;
				GCC_PREPROCESSOR_DEFINITIONS = (
					"DEBUG=1",
					"$(inherited)",
				);
				GCC_WARN_64_TO_32_BIT_CONVERSION = YES;
				GCC_WARN_ABOUT_RETURN_TYPE = YES_ERROR;
				GCC_WARN_UNDECLARED_SELECTOR = YES;
				GCC_WARN_UNINITIALIZED_AUTOS = YES_AGGRESSIVE;
				GCC_WARN_UNUSED_FUNCTION = YES;
				GCC_WARN_UNUSED_VARIABLE = YES;
				IPHONEOS_DEPLOYMENT_TARGET = 13.5;
				MTL_ENABLE_DEBUG_INFO = INCLUDE_SOURCE;
				MTL_FAST_MATH = YES;
				ONLY_ACTIVE_ARCH = YES;
				SDKROOT = iphoneos;
				SWIFT_ACTIVE_COMPILATION_CONDITIONS = DEBUG;
				SWIFT_OPTIMIZATION_LEVEL = "-Onone";
			};
			name = Debug;
		};
		84872C5E25CD8F5700B1CDED /* Release */ = {
			isa = XCBuildConfiguration;
			buildSettings = {
				ALWAYS_SEARCH_USER_PATHS = NO;
				CLANG_ANALYZER_NONNULL = YES;
				CLANG_ANALYZER_NUMBER_OBJECT_CONVERSION = YES_AGGRESSIVE;
				CLANG_CXX_LANGUAGE_STANDARD = "gnu++14";
				CLANG_CXX_LIBRARY = "libc++";
				CLANG_ENABLE_MODULES = YES;
				CLANG_ENABLE_OBJC_ARC = YES;
				CLANG_ENABLE_OBJC_WEAK = YES;
				CLANG_WARN_BLOCK_CAPTURE_AUTORELEASING = YES;
				CLANG_WARN_BOOL_CONVERSION = YES;
				CLANG_WARN_COMMA = YES;
				CLANG_WARN_CONSTANT_CONVERSION = YES;
				CLANG_WARN_DEPRECATED_OBJC_IMPLEMENTATIONS = YES;
				CLANG_WARN_DIRECT_OBJC_ISA_USAGE = YES_ERROR;
				CLANG_WARN_DOCUMENTATION_COMMENTS = YES;
				CLANG_WARN_EMPTY_BODY = YES;
				CLANG_WARN_ENUM_CONVERSION = YES;
				CLANG_WARN_INFINITE_RECURSION = YES;
				CLANG_WARN_INT_CONVERSION = YES;
				CLANG_WARN_NON_LITERAL_NULL_CONVERSION = YES;
				CLANG_WARN_OBJC_IMPLICIT_RETAIN_SELF = YES;
				CLANG_WARN_OBJC_LITERAL_CONVERSION = YES;
				CLANG_WARN_OBJC_ROOT_CLASS = YES_ERROR;
				CLANG_WARN_RANGE_LOOP_ANALYSIS = YES;
				CLANG_WARN_STRICT_PROTOTYPES = YES;
				CLANG_WARN_SUSPICIOUS_MOVE = YES;
				CLANG_WARN_UNGUARDED_AVAILABILITY = YES_AGGRESSIVE;
				CLANG_WARN_UNREACHABLE_CODE = YES;
				CLANG_WARN__DUPLICATE_METHOD_MATCH = YES;
				COPY_PHASE_STRIP = NO;
				DEBUG_INFORMATION_FORMAT = "dwarf-with-dsym";
				ENABLE_NS_ASSERTIONS = NO;
				ENABLE_STRICT_OBJC_MSGSEND = YES;
				GCC_C_LANGUAGE_STANDARD = gnu11;
				GCC_NO_COMMON_BLOCKS = YES;
				GCC_WARN_64_TO_32_BIT_CONVERSION = YES;
				GCC_WARN_ABOUT_RETURN_TYPE = YES_ERROR;
				GCC_WARN_UNDECLARED_SELECTOR = YES;
				GCC_WARN_UNINITIALIZED_AUTOS = YES_AGGRESSIVE;
				GCC_WARN_UNUSED_FUNCTION = YES;
				GCC_WARN_UNUSED_VARIABLE = YES;
				IPHONEOS_DEPLOYMENT_TARGET = 13.5;
				MTL_ENABLE_DEBUG_INFO = NO;
				MTL_FAST_MATH = YES;
				SDKROOT = iphoneos;
				SWIFT_COMPILATION_MODE = wholemodule;
				SWIFT_OPTIMIZATION_LEVEL = "-O";
				VALIDATE_PRODUCT = YES;
			};
			name = Release;
		};
		84872C6025CD8F5700B1CDED /* Debug */ = {
			isa = XCBuildConfiguration;
			buildSettings = {
				ASSETCATALOG_COMPILER_APPICON_NAME = AppIcon;
				CODE_SIGN_STYLE = Automatic;
				DEVELOPMENT_TEAM = K58XTWMH89;
				INFOPLIST_FILE = simpleNumberGenerator/Info.plist;
				LD_RUNPATH_SEARCH_PATHS = (
					"$(inherited)",
					"@executable_path/Frameworks",
				);
				PRODUCT_BUNDLE_IDENTIFIER = com.dmitry.chashin.simpleNumberGenerator;
				PRODUCT_NAME = "$(TARGET_NAME)";
				SWIFT_VERSION = 5.0;
				TARGETED_DEVICE_FAMILY = "1,2";
			};
			name = Debug;
		};
		84872C6125CD8F5700B1CDED /* Release */ = {
			isa = XCBuildConfiguration;
			buildSettings = {
				ASSETCATALOG_COMPILER_APPICON_NAME = AppIcon;
				CODE_SIGN_STYLE = Automatic;
				DEVELOPMENT_TEAM = K58XTWMH89;
				INFOPLIST_FILE = simpleNumberGenerator/Info.plist;
				LD_RUNPATH_SEARCH_PATHS = (
					"$(inherited)",
					"@executable_path/Frameworks",
				);
				PRODUCT_BUNDLE_IDENTIFIER = com.dmitry.chashin.simpleNumberGenerator;
				PRODUCT_NAME = "$(TARGET_NAME)";
				SWIFT_VERSION = 5.0;
				TARGETED_DEVICE_FAMILY = "1,2";
			};
			name = Release;
		};
/* End XCBuildConfiguration section */

/* Begin XCConfigurationList section */
		84872C4625CD8F5000B1CDED /* Build configuration list for PBXProject "simpleNumberGenerator" */ = {
			isa = XCConfigurationList;
			buildConfigurations = (
				84872C5D25CD8F5700B1CDED /* Debug */,
				84872C5E25CD8F5700B1CDED /* Release */,
			);
			defaultConfigurationIsVisible = 0;
			defaultConfigurationName = Release;
		};
		84872C5F25CD8F5700B1CDED /* Build configuration list for PBXNativeTarget "simpleNumberGenerator" */ = {
			isa = XCConfigurationList;
			buildConfigurations = (
				84872C6025CD8F5700B1CDED /* Debug */,
				84872C6125CD8F5700B1CDED /* Release */,
			);
			defaultConfigurationIsVisible = 0;
			defaultConfigurationName = Release;
		};
/* End XCConfigurationList section */
	};
	rootObject = 84872C4325CD8F5000B1CDED /* Project object */;
}
